PODS:
  - Alamofire (4.9.0)
  - AlamofireImage (3.6.0):
    - Alamofire (~> 4.9)
  - FBSDKCoreKit (5.8.0):
    - FBSDKCoreKit/Basics (= 5.8.0)
    - FBSDKCoreKit/Core (= 5.8.0)
  - FBSDKCoreKit/Basics (5.8.0)
  - FBSDKCoreKit/Core (5.8.0):
    - FBSDKCoreKit/Basics
  - FBSDKLoginKit (5.8.0):
    - FBSDKLoginKit/Login (= 5.8.0)
  - FBSDKLoginKit/Login (5.8.0):
    - FBSDKCoreKit (~> 5.0)
  - FTIndicator (1.2.9):
    - FTIndicator/FTNotificationIndicator (= 1.2.9)
    - FTIndicator/FTProgressIndicator (= 1.2.9)
    - FTIndicator/FTToastIndicator (= 1.2.9)
  - FTIndicator/FTNotificationIndicator (1.2.9)
  - FTIndicator/FTProgressIndicator (1.2.9)
  - FTIndicator/FTToastIndicator (1.2.9)
  - IQKeyboardManager (6.5.0)
  - KYDrawerController (2.1.0)
  - SVProgressHUD (2.2.5)

DEPENDENCIES:
  - Alamofire
  - AlamofireImage
  - FBSDKLoginKit
  - FTIndicator
  - IQKeyboardManager
  - KYDrawerController
  - SVProgressHUD

SPEC REPOS:
  trunk:
    - Alamofire
    - AlamofireImage
    - FBSDKCoreKit
    - FBSDKLoginKit
    - FTIndicator
    - IQKeyboardManager
    - KYDrawerController
    - SVProgressHUD

SPEC CHECKSUMS:
  Alamofire: afc3e7c6db61476cb45cdd23fed06bad03bbc321
  AlamofireImage: be9963c6582d68b39e89191f64c82a7d7bf40fdd
  FBSDKCoreKit: e7dcac0aabcfb09d0166998edd95fe3b05a0ce5d
  FBSDKLoginKit: 1b0cf04df0370b37404213157b060d6666ede814
  FTIndicator: f7f071fd159e5befa1d040a9ef2e3ab53fa9322c
  IQKeyboardManager: 700e5155d6a292383b54e8678aec769e14fc78fc
  KYDrawerController: baad0e63b09c0cb564bd48f0f7f70f45d9176ebc
  SVProgressHUD: 1428aafac632c1f86f62aa4243ec12008d7a51d6

PODFILE CHECKSUM: b4e95c2a310b284f8caaaa9240beebc3e1698de6

COCOAPODS: 1.8.1
